{
  "requires": true,
  "lockfileVersion": 1,
  "dependencies": {
    "cordova-admob": {
      "version": "4.1.16",
      "resolved": "https://registry.npmjs.org/cordova-admob/-/cordova-admob-4.1.16.tgz",
      "integrity": "sha1-osHZUWUY0VdmBSTLnVVJo+4EbZc="
    },
    "cordova-connectivity-monitor": {
      "version": "1.2.2",
      "resolved": "https://registry.npmjs.org/cordova-connectivity-monitor/-/cordova-connectivity-monitor-1.2.2.tgz",
      "integrity": "sha1-roY+lgZgSylIK1Fv2E8maHohBT0="
    }
  }
}
